// !$*UTF8*$!
{
	archiveVersion = 1;
	classes = {
	};
	objectVersion = 50;
	objects = {

/* Begin PBXBuildFile section */
		D911773D226E964700DA1FB5 /* CreateTripVC.storyboard in Resources */ = {isa = PBXBuildFile; fileRef = D911773B226E964700DA1FB5 /* CreateTripVC.storyboard */; };
		D911773F226E96A800DA1FB5 /* CreateTripViewController.swift in Sources */ = {isa = PBXBuildFile; fileRef = D911773E226E96A800DA1FB5 /* CreateTripViewController.swift */; };
		D9117743226EA69200DA1FB5 /* PopOverView.swift in Sources */ = {isa = PBXBuildFile; fileRef = D9117742226EA69200DA1FB5 /* PopOverView.swift */; };
		D917E39F226B6C1A00BF098F /* UIViewExtension.swift in Sources */ = {isa = PBXBuildFile; fileRef = D917E39E226B6C1A00BF098F /* UIViewExtension.swift */; };
		D917E3A2226B78FB00BF098F /* Theme.swift in Sources */ = {isa = PBXBuildFile; fileRef = D917E3A1226B78FB00BF098F /* Theme.swift */; };
		D917E3A6226B7FC600BF098F /* colors.xcassets in Resources */ = {isa = PBXBuildFile; fileRef = D917E3A5226B7FC600BF098F /* colors.xcassets */; };
		D917E3A8226BE86200BF098F /* UIButtonExtension.swift in Sources */ = {isa = PBXBuildFile; fileRef = D917E3A7226BE86200BF098F /* UIButtonExtension.swift */; };
		D96C9A93227EF8890077FE28 /* AddDayViewController.storyboard in Resources */ = {isa = PBXBuildFile; fileRef = D96C9A92227EF8890077FE28 /* AddDayViewController.storyboard */; };
		D96C9A95227EF8AD0077FE28 /* AddDayViewController.swift in Sources */ = {isa = PBXBuildFile; fileRef = D96C9A94227EF8AD0077FE28 /* AddDayViewController.swift */; };
		D96C9A97227F07BC0077FE28 /* UITextFieldExtension.swift in Sources */ = {isa = PBXBuildFile; fileRef = D96C9A96227F07BC0077FE28 /* UITextFieldExtension.swift */; };
		D96C9A99227F0B120077FE28 /* DayFuctions.swift in Sources */ = {isa = PBXBuildFile; fileRef = D96C9A98227F0B120077FE28 /* DayFuctions.swift */; };
		D96C9A9B227F89740077FE28 /* DateExtension.swift in Sources */ = {isa = PBXBuildFile; fileRef = D96C9A9A227F89740077FE28 /* DateExtension.swift */; };
		D96C9A9E227FAA880077FE28 /* AddActivityViewController.storyboard in Resources */ = {isa = PBXBuildFile; fileRef = D96C9A9D227FAA880077FE28 /* AddActivityViewController.storyboard */; };
		D96C9AA0227FAAC80077FE28 /* AddActivityViewController.swift in Sources */ = {isa = PBXBuildFile; fileRef = D96C9A9F227FAAC80077FE28 /* AddActivityViewController.swift */; };
		D9C7805C227526AA007291D0 /* ActivitiesViewController.swift in Sources */ = {isa = PBXBuildFile; fileRef = D9C7805B227526AA007291D0 /* ActivitiesViewController.swift */; };
		D9C7806122752966007291D0 /* DayModel.swift in Sources */ = {isa = PBXBuildFile; fileRef = D9C7806022752966007291D0 /* DayModel.swift */; };
		D9CF060F2279E9300040C79E /* HeaderDaysCell.swift in Sources */ = {isa = PBXBuildFile; fileRef = D9CF060E2279E9300040C79E /* HeaderDaysCell.swift */; };
		D9CF06112279F1E40040C79E /* ActivityCell.swift in Sources */ = {isa = PBXBuildFile; fileRef = D9CF06102279F1E40040C79E /* ActivityCell.swift */; };
		D9D179E32262BB9B002942DD /* AppDelegate.swift in Sources */ = {isa = PBXBuildFile; fileRef = D9D179E22262BB9B002942DD /* AppDelegate.swift */; };
		D9D179E52262BB9B002942DD /* TripsViewController.swift in Sources */ = {isa = PBXBuildFile; fileRef = D9D179E42262BB9B002942DD /* TripsViewController.swift */; };
		D9D179E82262BB9B002942DD /* Main.storyboard in Resources */ = {isa = PBXBuildFile; fileRef = D9D179E62262BB9B002942DD /* Main.storyboard */; };
		D9D179EA2262BB9D002942DD /* Assets.xcassets in Resources */ = {isa = PBXBuildFile; fileRef = D9D179E92262BB9D002942DD /* Assets.xcassets */; };
		D9D179ED2262BB9D002942DD /* LaunchScreen.storyboard in Resources */ = {isa = PBXBuildFile; fileRef = D9D179EB2262BB9D002942DD /* LaunchScreen.storyboard */; };
		D9D179F82262BD0F002942DD /* TripModel.swift in Sources */ = {isa = PBXBuildFile; fileRef = D9D179F72262BD0F002942DD /* TripModel.swift */; };
		D9D179FA2262BD25002942DD /* TripFunctions.swift in Sources */ = {isa = PBXBuildFile; fileRef = D9D179F92262BD25002942DD /* TripFunctions.swift */; };
		D9D179FC2262C087002942DD /* DataModel.swift in Sources */ = {isa = PBXBuildFile; fileRef = D9D179FB2262C087002942DD /* DataModel.swift */; };
		D9DA1BB12277B7480074F504 /* ActivityModel.swift in Sources */ = {isa = PBXBuildFile; fileRef = D9DA1BB02277B7480074F504 /* ActivityModel.swift */; };
		D9DA1BB32277B92E0074F504 /* ActivityTypeEnum.swift in Sources */ = {isa = PBXBuildFile; fileRef = D9DA1BB22277B92E0074F504 /* ActivityTypeEnum.swift */; };
		D9DA1BB52277BB8F0074F504 /* MockData.swift in Sources */ = {isa = PBXBuildFile; fileRef = D9DA1BB42277BB8F0074F504 /* MockData.swift */; };
		D9E3360E2265274700112F6B /* TripsCell.swift in Sources */ = {isa = PBXBuildFile; fileRef = D9E3360D2265274700112F6B /* TripsCell.swift */; };
		D9FC3394228104E60011A621 /* ActivityFunctions.swift in Sources */ = {isa = PBXBuildFile; fileRef = D9FC3393228104E60011A621 /* ActivityFunctions.swift */; };
		D9FC33962281472D0011A621 /* RoundedButton.swift in Sources */ = {isa = PBXBuildFile; fileRef = D9FC33952281472D0011A621 /* RoundedButton.swift */; };
/* End PBXBuildFile section */

/* Begin PBXFileReference section */
		D911773C226E964700DA1FB5 /* Base */ = {isa = PBXFileReference; lastKnownFileType = file.storyboard; name = Base; path = "itineray-app/FirstScreen/Base.lproj/CreateTripVC.storyboard"; sourceTree = "<group>"; };
		D911773E226E96A800DA1FB5 /* CreateTripViewController.swift */ = {isa = PBXFileReference; lastKnownFileType = sourcecode.swift; path = CreateTripViewController.swift; sourceTree = "<group>"; };
		D9117742226EA69200DA1FB5 /* PopOverView.swift */ = {isa = PBXFileReference; lastKnownFileType = sourcecode.swift; path = PopOverView.swift; sourceTree = "<group>"; };
		D917E39E226B6C1A00BF098F /* UIViewExtension.swift */ = {isa = PBXFileReference; lastKnownFileType = sourcecode.swift; path = UIViewExtension.swift; sourceTree = "<group>"; };
		D917E3A1226B78FB00BF098F /* Theme.swift */ = {isa = PBXFileReference; lastKnownFileType = sourcecode.swift; path = Theme.swift; sourceTree = "<group>"; };
		D917E3A5226B7FC600BF098F /* colors.xcassets */ = {isa = PBXFileReference; lastKnownFileType = folder.assetcatalog; path = colors.xcassets; sourceTree = "<group>"; };
		D917E3A7226BE86200BF098F /* UIButtonExtension.swift */ = {isa = PBXFileReference; lastKnownFileType = sourcecode.swift; path = UIButtonExtension.swift; sourceTree = "<group>"; };
		D96C9A92227EF8890077FE28 /* AddDayViewController.storyboard */ = {isa = PBXFileReference; lastKnownFileType = file.storyboard; path = AddDayViewController.storyboard; sourceTree = "<group>"; };
		D96C9A94227EF8AD0077FE28 /* AddDayViewController.swift */ = {isa = PBXFileReference; lastKnownFileType = sourcecode.swift; path = AddDayViewController.swift; sourceTree = "<group>"; };
		D96C9A96227F07BC0077FE28 /* UITextFieldExtension.swift */ = {isa = PBXFileReference; lastKnownFileType = sourcecode.swift; path = UITextFieldExtension.swift; sourceTree = "<group>"; };
		D96C9A98227F0B120077FE28 /* DayFuctions.swift */ = {isa = PBXFileReference; lastKnownFileType = sourcecode.swift; path = DayFuctions.swift; sourceTree = "<group>"; };
		D96C9A9A227F89740077FE28 /* DateExtension.swift */ = {isa = PBXFileReference; lastKnownFileType = sourcecode.swift; path = DateExtension.swift; sourceTree = "<group>"; };
		D96C9A9D227FAA880077FE28 /* AddActivityViewController.storyboard */ = {isa = PBXFileReference; lastKnownFileType = file.storyboard; path = AddActivityViewController.storyboard; sourceTree = "<group>"; };
		D96C9A9F227FAAC80077FE28 /* AddActivityViewController.swift */ = {isa = PBXFileReference; lastKnownFileType = sourcecode.swift; path = AddActivityViewController.swift; sourceTree = "<group>"; };
		D9C7805B227526AA007291D0 /* ActivitiesViewController.swift */ = {isa = PBXFileReference; lastKnownFileType = sourcecode.swift; path = ActivitiesViewController.swift; sourceTree = "<group>"; };
		D9C7806022752966007291D0 /* DayModel.swift */ = {isa = PBXFileReference; lastKnownFileType = sourcecode.swift; path = DayModel.swift; sourceTree = "<group>"; };
		D9CF060E2279E9300040C79E /* HeaderDaysCell.swift */ = {isa = PBXFileReference; lastKnownFileType = sourcecode.swift; path = HeaderDaysCell.swift; sourceTree = "<group>"; };
		D9CF06102279F1E40040C79E /* ActivityCell.swift */ = {isa = PBXFileReference; lastKnownFileType = sourcecode.swift; path = ActivityCell.swift; sourceTree = "<group>"; };
		D9D179DF2262BB9B002942DD /* itineray-app.app */ = {isa = PBXFileReference; explicitFileType = wrapper.application; includeInIndex = 0; path = "itineray-app.app"; sourceTree = BUILT_PRODUCTS_DIR; };
		D9D179E22262BB9B002942DD /* AppDelegate.swift */ = {isa = PBXFileReference; lastKnownFileType = sourcecode.swift; path = AppDelegate.swift; sourceTree = "<group>"; };
		D9D179E42262BB9B002942DD /* TripsViewController.swift */ = {isa = PBXFileReference; lastKnownFileType = sourcecode.swift; path = TripsViewController.swift; sourceTree = "<group>"; };
		D9D179E72262BB9B002942DD /* Base */ = {isa = PBXFileReference; lastKnownFileType = file.storyboard; name = Base; path = Base.lproj/Main.storyboard; sourceTree = "<group>"; };
		D9D179E92262BB9D002942DD /* Assets.xcassets */ = {isa = PBXFileReference; lastKnownFileType = folder.assetcatalog; path = Assets.xcassets; sourceTree = "<group>"; };
		D9D179EC2262BB9D002942DD /* Base */ = {isa = PBXFileReference; lastKnownFileType = file.storyboard; name = Base; path = Base.lproj/LaunchScreen.storyboard; sourceTree = "<group>"; };
		D9D179EE2262BB9D002942DD /* Info.plist */ = {isa = PBXFileReference; lastKnownFileType = text.plist.xml; path = Info.plist; sourceTree = "<group>"; };
		D9D179F72262BD0F002942DD /* TripModel.swift */ = {isa = PBXFileReference; lastKnownFileType = sourcecode.swift; path = TripModel.swift; sourceTree = "<group>"; };
		D9D179F92262BD25002942DD /* TripFunctions.swift */ = {isa = PBXFileReference; lastKnownFileType = sourcecode.swift; path = TripFunctions.swift; sourceTree = "<group>"; };
		D9D179FB2262C087002942DD /* DataModel.swift */ = {isa = PBXFileReference; lastKnownFileType = sourcecode.swift; path = DataModel.swift; sourceTree = "<group>"; };
		D9DA1BB02277B7480074F504 /* ActivityModel.swift */ = {isa = PBXFileReference; lastKnownFileType = sourcecode.swift; path = ActivityModel.swift; sourceTree = "<group>"; };
		D9DA1BB22277B92E0074F504 /* ActivityTypeEnum.swift */ = {isa = PBXFileReference; lastKnownFileType = sourcecode.swift; path = ActivityTypeEnum.swift; sourceTree = "<group>"; };
		D9DA1BB42277BB8F0074F504 /* MockData.swift */ = {isa = PBXFileReference; lastKnownFileType = sourcecode.swift; path = MockData.swift; sourceTree = "<group>"; };
		D9E3360D2265274700112F6B /* TripsCell.swift */ = {isa = PBXFileReference; lastKnownFileType = sourcecode.swift; path = TripsCell.swift; sourceTree = "<group>"; };
		D9FC3393228104E60011A621 /* ActivityFunctions.swift */ = {isa = PBXFileReference; lastKnownFileType = sourcecode.swift; path = ActivityFunctions.swift; sourceTree = "<group>"; };
		D9FC33952281472D0011A621 /* RoundedButton.swift */ = {isa = PBXFileReference; lastKnownFileType = sourcecode.swift; path = RoundedButton.swift; sourceTree = "<group>"; };
/* End PBXFileReference section */

/* Begin PBXFrameworksBuildPhase section */
		D9D179DC2262BB9B002942DD /* Frameworks */ = {
			isa = PBXFrameworksBuildPhase;
			buildActionMask = 2147483647;
			files = (
			);
			runOnlyForDeploymentPostprocessing = 0;
		};
/* End PBXFrameworksBuildPhase section */

/* Begin PBXGroup section */
		D911773A226E95BE00DA1FB5 /* addTripPopUpScreen */ = {
			isa = PBXGroup;
			children = (
				D911773B226E964700DA1FB5 /* CreateTripVC.storyboard */,
				D911773E226E96A800DA1FB5 /* CreateTripViewController.swift */,
			);
			path = addTripPopUpScreen;
			sourceTree = "<group>";
		};
		D9117740226E96F700DA1FB5 /* views */ = {
			isa = PBXGroup;
			children = (
				D96C9A9C227FAA6A0077FE28 /* addActivityScreen */,
				D96C9A91227EF8660077FE28 /* AddDayScreen */,
				D9C7805822752287007291D0 /* tripDaysAndActivitiesScreen */,
				D9D179F52262BC96002942DD /* tripsScreen */,
				D911773A226E95BE00DA1FB5 /* addTripPopUpScreen */,
			);
			path = views;
			sourceTree = "<group>";
		};
		D9117741226EA66100DA1FB5 /* CustomControls */ = {
			isa = PBXGroup;
			children = (
				D9117742226EA69200DA1FB5 /* PopOverView.swift */,
				D9FC33952281472D0011A621 /* RoundedButton.swift */,
			);
			path = CustomControls;
			sourceTree = "<group>";
		};
		D917E39D226B6BF300BF098F /* Extensions */ = {
			isa = PBXGroup;
			children = (
				D917E39E226B6C1A00BF098F /* UIViewExtension.swift */,
				D917E3A7226BE86200BF098F /* UIButtonExtension.swift */,
				D96C9A96227F07BC0077FE28 /* UITextFieldExtension.swift */,
				D96C9A9A227F89740077FE28 /* DateExtension.swift */,
			);
			path = Extensions;
			sourceTree = "<group>";
		};
		D917E3A0226B786900BF098F /* Resources */ = {
			isa = PBXGroup;
			children = (
				D9117741226EA66100DA1FB5 /* CustomControls */,
				D917E39D226B6BF300BF098F /* Extensions */,
				D917E3A1226B78FB00BF098F /* Theme.swift */,
				D917E3A5226B7FC600BF098F /* colors.xcassets */,
			);
			path = Resources;
			sourceTree = "<group>";
		};
		D96C9A91227EF8660077FE28 /* AddDayScreen */ = {
			isa = PBXGroup;
			children = (
				D96C9A92227EF8890077FE28 /* AddDayViewController.storyboard */,
				D96C9A94227EF8AD0077FE28 /* AddDayViewController.swift */,
			);
			path = AddDayScreen;
			sourceTree = "<group>";
		};
		D96C9A9C227FAA6A0077FE28 /* addActivityScreen */ = {
			isa = PBXGroup;
			children = (
				D96C9A9D227FAA880077FE28 /* AddActivityViewController.storyboard */,
				D96C9A9F227FAAC80077FE28 /* AddActivityViewController.swift */,
			);
			path = addActivityScreen;
			sourceTree = "<group>";
		};
		D9C7805822752287007291D0 /* tripDaysAndActivitiesScreen */ = {
			isa = PBXGroup;
			children = (
				D9C7805B227526AA007291D0 /* ActivitiesViewController.swift */,
				D9CF060E2279E9300040C79E /* HeaderDaysCell.swift */,
				D9CF06102279F1E40040C79E /* ActivityCell.swift */,
			);
			path = tripDaysAndActivitiesScreen;
			sourceTree = "<group>";
		};
		D9C7805D22752904007291D0 /* Day */ = {
			isa = PBXGroup;
			children = (
				D9C7806022752966007291D0 /* DayModel.swift */,
				D96C9A98227F0B120077FE28 /* DayFuctions.swift */,
			);
			path = Day;
			sourceTree = "<group>";
		};
		D9C7805E2275290B007291D0 /* Activities */ = {
			isa = PBXGroup;
			children = (
				D9DA1BB02277B7480074F504 /* ActivityModel.swift */,
				D9DA1BB22277B92E0074F504 /* ActivityTypeEnum.swift */,
				D9FC3393228104E60011A621 /* ActivityFunctions.swift */,
			);
			path = Activities;
			sourceTree = "<group>";
		};
		D9C7805F22752929007291D0 /* Data */ = {
			isa = PBXGroup;
			children = (
				D9D179FB2262C087002942DD /* DataModel.swift */,
				D9DA1BB42277BB8F0074F504 /* MockData.swift */,
			);
			path = Data;
			sourceTree = "<group>";
		};
		D9D179D62262BB9B002942DD = {
			isa = PBXGroup;
			children = (
				D9D179E12262BB9B002942DD /* itineray-app */,
				D9D179E02262BB9B002942DD /* Products */,
			);
			sourceTree = "<group>";
		};
		D9D179E02262BB9B002942DD /* Products */ = {
			isa = PBXGroup;
			children = (
				D9D179DF2262BB9B002942DD /* itineray-app.app */,
			);
			name = Products;
			sourceTree = "<group>";
		};
		D9D179E12262BB9B002942DD /* itineray-app */ = {
			isa = PBXGroup;
			children = (
				D9117740226E96F700DA1FB5 /* views */,
				D917E3A0226B786900BF098F /* Resources */,
				D9D179F42262BC74002942DD /* Model */,
				D9D179E22262BB9B002942DD /* AppDelegate.swift */,
				D9D179E92262BB9D002942DD /* Assets.xcassets */,
				D9D179EB2262BB9D002942DD /* LaunchScreen.storyboard */,
				D9D179EE2262BB9D002942DD /* Info.plist */,
			);
			path = "itineray-app";
			sourceTree = "<group>";
		};
		D9D179F42262BC74002942DD /* Model */ = {
			isa = PBXGroup;
			children = (
				D9C7805F22752929007291D0 /* Data */,
				D9D179F62262BCE5002942DD /* Trip */,
				D9C7805D22752904007291D0 /* Day */,
				D9C7805E2275290B007291D0 /* Activities */,
			);
			path = Model;
			sourceTree = "<group>";
		};
		D9D179F52262BC96002942DD /* tripsScreen */ = {
			isa = PBXGroup;
			children = (
				D9D179E62262BB9B002942DD /* Main.storyboard */,
				D9D179E42262BB9B002942DD /* TripsViewController.swift */,
				D9E3360D2265274700112F6B /* TripsCell.swift */,
			);
			path = tripsScreen;
			sourceTree = "<group>";
		};
		D9D179F62262BCE5002942DD /* Trip */ = {
			isa = PBXGroup;
			children = (
				D9D179F72262BD0F002942DD /* TripModel.swift */,
				D9D179F92262BD25002942DD /* TripFunctions.swift */,
			);
			path = Trip;
			sourceTree = "<group>";
		};
/* End PBXGroup section */

/* Begin PBXNativeTarget section */
		D9D179DE2262BB9B002942DD /* itineray-app */ = {
			isa = PBXNativeTarget;
			buildConfigurationList = D9D179F12262BB9D002942DD /* Build configuration list for PBXNativeTarget "itineray-app" */;
			buildPhases = (
				D9D179DB2262BB9B002942DD /* Sources */,
				D9D179DC2262BB9B002942DD /* Frameworks */,
				D9D179DD2262BB9B002942DD /* Resources */,
			);
			buildRules = (
			);
			dependencies = (
			);
			name = "itineray-app";
			productName = "itineray-app";
			productReference = D9D179DF2262BB9B002942DD /* itineray-app.app */;
			productType = "com.apple.product-type.application";
		};
/* End PBXNativeTarget section */

/* Begin PBXProject section */
		D9D179D72262BB9B002942DD /* Project object */ = {
			isa = PBXProject;
			attributes = {
				LastSwiftUpdateCheck = 1010;
				LastUpgradeCheck = 1010;
				ORGANIZATIONNAME = "karim metawea";
				TargetAttributes = {
					D9D179DE2262BB9B002942DD = {
						CreatedOnToolsVersion = 10.1;
					};
				};
			};
			buildConfigurationList = D9D179DA2262BB9B002942DD /* Build configuration list for PBXProject "itineray-app" */;
			compatibilityVersion = "Xcode 9.3";
			developmentRegion = en;
			hasScannedForEncodings = 0;
			knownRegions = (
				en,
				Base,
			);
			mainGroup = D9D179D62262BB9B002942DD;
			productRefGroup = D9D179E02262BB9B002942DD /* Products */;
			projectDirPath = "";
			projectRoot = "";
			targets = (
				D9D179DE2262BB9B002942DD /* itineray-app */,
			);
		};
/* End PBXProject section */

/* Begin PBXResourcesBuildPhase section */
		D9D179DD2262BB9B002942DD /* Resources */ = {
			isa = PBXResourcesBuildPhase;
			buildActionMask = 2147483647;
			files = (
				D96C9A93227EF8890077FE28 /* AddDayViewController.storyboard in Resources */,
				D9D179ED2262BB9D002942DD /* LaunchScreen.storyboard in Resources */,
				D917E3A6226B7FC600BF098F /* colors.xcassets in Resources */,
				D9D179EA2262BB9D002942DD /* Assets.xcassets in Resources */,
				D9D179E82262BB9B002942DD /* Main.storyboard in Resources */,
				D96C9A9E227FAA880077FE28 /* AddActivityViewController.storyboard in Resources */,
				D911773D226E964700DA1FB5 /* CreateTripVC.storyboard in Resources */,
			);
			runOnlyForDeploymentPostprocessing = 0;
		};
/* End PBXResourcesBuildPhase section */

/* Begin PBXSourcesBuildPhase section */
		D9D179DB2262BB9B002942DD /* Sources */ = {
			isa = PBXSourcesBuildPhase;
			buildActionMask = 2147483647;
			files = (
				D9D179E52262BB9B002942DD /* TripsViewController.swift in Sources */,
				D9C7805C227526AA007291D0 /* ActivitiesViewController.swift in Sources */,
				D9D179FC2262C087002942DD /* DataModel.swift in Sources */,
				D9D179E32262BB9B002942DD /* AppDelegate.swift in Sources */,
				D9CF06112279F1E40040C79E /* ActivityCell.swift in Sources */,
				D96C9A97227F07BC0077FE28 /* UITextFieldExtension.swift in Sources */,
				D96C9AA0227FAAC80077FE28 /* AddActivityViewController.swift in Sources */,
				D9D179FA2262BD25002942DD /* TripFunctions.swift in Sources */,
				D917E39F226B6C1A00BF098F /* UIViewExtension.swift in Sources */,
				D917E3A8226BE86200BF098F /* UIButtonExtension.swift in Sources */,
				D9CF060F2279E9300040C79E /* HeaderDaysCell.swift in Sources */,
				D917E3A2226B78FB00BF098F /* Theme.swift in Sources */,
				D9E3360E2265274700112F6B /* TripsCell.swift in Sources */,
				D9C7806122752966007291D0 /* DayModel.swift in Sources */,
				D9DA1BB32277B92E0074F504 /* ActivityTypeEnum.swift in Sources */,
				D9D179F82262BD0F002942DD /* TripModel.swift in Sources */,
				D9FC3394228104E60011A621 /* ActivityFunctions.swift in Sources */,
				D96C9A9B227F89740077FE28 /* DateExtension.swift in Sources */,
				D911773F226E96A800DA1FB5 /* CreateTripViewController.swift in Sources */,
				D9DA1BB52277BB8F0074F504 /* MockData.swift in Sources */,
				D96C9A99227F0B120077FE28 /* DayFuctions.swift in Sources */,
				D9FC33962281472D0011A621 /* RoundedButton.swift in Sources */,
				D9DA1BB12277B7480074F504 /* ActivityModel.swift in Sources */,
				D9117743226EA69200DA1FB5 /* PopOverView.swift in Sources */,
				D96C9A95227EF8AD0077FE28 /* AddDayViewController.swift in Sources */,
			);
			runOnlyForDeploymentPostprocessing = 0;
		};
/* End PBXSourcesBuildPhase section */

/* Begin PBXVariantGroup section */
		D911773B226E964700DA1FB5 /* CreateTripVC.storyboard */ = {
			isa = PBXVariantGroup;
			children = (
				D911773C226E964700DA1FB5 /* Base */,
			);
			name = CreateTripVC.storyboard;
			sourceTree = "<group>";
		};
		D9D179E62262BB9B002942DD /* Main.storyboard */ = {
			isa = PBXVariantGroup;
			children = (
				D9D179E72262BB9B002942DD /* Base */,
			);
			name = Main.storyboard;
			sourceTree = "<group>";
		};
		D9D179EB2262BB9D002942DD /* LaunchScreen.storyboard */ = {
			isa = PBXVariantGroup;
			children = (
				D9D179EC2262BB9D002942DD /* Base */,
			);
			name = LaunchScreen.storyboard;
			sourceTree = "<group>";
		};
/* End PBXVariantGroup section */

/* Begin XCBuildConfiguration section */
		D9D179EF2262BB9D002942DD /* Debug */ = {
			isa = XCBuildConfiguration;
			buildSettings = {
				ALWAYS_SEARCH_USER_PATHS = NO;
				CLANG_ANALYZER_NONNULL = YES;
				CLANG_ANALYZER_NUMBER_OBJECT_CONVERSION = YES_AGGRESSIVE;
				CLANG_CXX_LANGUAGE_STANDARD = "gnu++14";
				CLANG_CXX_LIBRARY = "libc++";
				CLANG_ENABLE_MODULES = YES;
				CLANG_ENABLE_OBJC_ARC = YES;
				CLANG_ENABLE_OBJC_WEAK = YES;
				CLANG_WARN_BLOCK_CAPTURE_AUTORELEASING = YES;
				CLANG_WARN_BOOL_CONVERSION = YES;
				CLANG_WARN_COMMA = YES;
				CLANG_WARN_CONSTANT_CONVERSION = YES;
				CLANG_WARN_DEPRECATED_OBJC_IMPLEMENTATIONS = YES;
				CLANG_WARN_DIRECT_OBJC_ISA_USAGE = YES_ERROR;
				CLANG_WARN_DOCUMENTATION_COMMENTS = YES;
				CLANG_WARN_EMPTY_BODY = YES;
				CLANG_WARN_ENUM_CONVERSION = YES;
				CLANG_WARN_INFINITE_RECURSION = YES;
				CLANG_WARN_INT_CONVERSION = YES;
				CLANG_WARN_NON_LITERAL_NULL_CONVERSION = YES;
				CLANG_WARN_OBJC_IMPLICIT_RETAIN_SELF = YES;
				CLANG_WARN_OBJC_LITERAL_CONVERSION = YES;
				CLANG_WARN_OBJC_ROOT_CLASS = YES_ERROR;
				CLANG_WARN_RANGE_LOOP_ANALYSIS = YES;
				CLANG_WARN_STRICT_PROTOTYPES = YES;
				CLANG_WARN_SUSPICIOUS_MOVE = YES;
				CLANG_WARN_UNGUARDED_AVAILABILITY = YES_AGGRESSIVE;
				CLANG_WARN_UNREACHABLE_CODE = YES;
				CLANG_WARN__DUPLICATE_METHOD_MATCH = YES;
				CODE_SIGN_IDENTITY = "iPhone Developer";
				COPY_PHASE_STRIP = NO;
				DEBUG_INFORMATION_FORMAT = dwarf;
				ENABLE_STRICT_OBJC_MSGSEND = YES;
				ENABLE_TESTABILITY = YES;
				GCC_C_LANGUAGE_STANDARD = gnu11;
				GCC_DYNAMIC_NO_PIC = NO;
				GCC_NO_COMMON_BLOCKS = YES;
				GCC_OPTIMIZATION_LEVEL = 0;
				GCC_PREPROCESSOR_DEFINITIONS = (
					"DEBUG=1",
					"$(inherited)",
				);
				GCC_WARN_64_TO_32_BIT_CONVERSION = YES;
				GCC_WARN_ABOUT_RETURN_TYPE = YES_ERROR;
				GCC_WARN_UNDECLARED_SELECTOR = YES;
				GCC_WARN_UNINITIALIZED_AUTOS = YES_AGGRESSIVE;
				GCC_WARN_UNUSED_FUNCTION = YES;
				GCC_WARN_UNUSED_VARIABLE = YES;
				IPHONEOS_DEPLOYMENT_TARGET = 12.1;
				MTL_ENABLE_DEBUG_INFO = INCLUDE_SOURCE;
				MTL_FAST_MATH = YES;
				ONLY_ACTIVE_ARCH = YES;
				SDKROOT = iphoneos;
				SWIFT_ACTIVE_COMPILATION_CONDITIONS = DEBUG;
				SWIFT_OPTIMIZATION_LEVEL = "-Onone";
			};
			name = Debug;
		};
		D9D179F02262BB9D002942DD /* Release */ = {
			isa = XCBuildConfiguration;
			buildSettings = {
				ALWAYS_SEARCH_USER_PATHS = NO;
				CLANG_ANALYZER_NONNULL = YES;
				CLANG_ANALYZER_NUMBER_OBJECT_CONVERSION = YES_AGGRESSIVE;
				CLANG_CXX_LANGUAGE_STANDARD = "gnu++14";
				CLANG_CXX_LIBRARY = "libc++";
				CLANG_ENABLE_MODULES = YES;
				CLANG_ENABLE_OBJC_ARC = YES;
				CLANG_ENABLE_OBJC_WEAK = YES;
				CLANG_WARN_BLOCK_CAPTURE_AUTORELEASING = YES;
				CLANG_WARN_BOOL_CONVERSION = YES;
				CLANG_WARN_COMMA = YES;
				CLANG_WARN_CONSTANT_CONVERSION = YES;
				CLANG_WARN_DEPRECATED_OBJC_IMPLEMENTATIONS = YES;
				CLANG_WARN_DIRECT_OBJC_ISA_USAGE = YES_ERROR;
				CLANG_WARN_DOCUMENTATION_COMMENTS = YES;
				CLANG_WARN_EMPTY_BODY = YES;
				CLANG_WARN_ENUM_CONVERSION = YES;
				CLANG_WARN_INFINITE_RECURSION = YES;
				CLANG_WARN_INT_CONVERSION = YES;
				CLANG_WARN_NON_LITERAL_NULL_CONVERSION = YES;
				CLANG_WARN_OBJC_IMPLICIT_RETAIN_SELF = YES;
				CLANG_WARN_OBJC_LITERAL_CONVERSION = YES;
				CLANG_WARN_OBJC_ROOT_CLASS = YES_ERROR;
				CLANG_WARN_RANGE_LOOP_ANALYSIS = YES;
				CLANG_WARN_STRICT_PROTOTYPES = YES;
				CLANG_WARN_SUSPICIOUS_MOVE = YES;
				CLANG_WARN_UNGUARDED_AVAILABILITY = YES_AGGRESSIVE;
				CLANG_WARN_UNREACHABLE_CODE = YES;
				CLANG_WARN__DUPLICATE_METHOD_MATCH = YES;
				CODE_SIGN_IDENTITY = "iPhone Developer";
				COPY_PHASE_STRIP = NO;
				DEBUG_INFORMATION_FORMAT = "dwarf-with-dsym";
				ENABLE_NS_ASSERTIONS = NO;
				ENABLE_STRICT_OBJC_MSGSEND = YES;
				GCC_C_LANGUAGE_STANDARD = gnu11;
				GCC_NO_COMMON_BLOCKS = YES;
				GCC_WARN_64_TO_32_BIT_CONVERSION = YES;
				GCC_WARN_ABOUT_RETURN_TYPE = YES_ERROR;
				GCC_WARN_UNDECLARED_SELECTOR = YES;
				GCC_WARN_UNINITIALIZED_AUTOS = YES_AGGRESSIVE;
				GCC_WARN_UNUSED_FUNCTION = YES;
				GCC_WARN_UNUSED_VARIABLE = YES;
				IPHONEOS_DEPLOYMENT_TARGET = 12.1;
				MTL_ENABLE_DEBUG_INFO = NO;
				MTL_FAST_MATH = YES;
				SDKROOT = iphoneos;
				SWIFT_COMPILATION_MODE = wholemodule;
				SWIFT_OPTIMIZATION_LEVEL = "-O";
				VALIDATE_PRODUCT = YES;
			};
			name = Release;
		};
		D9D179F22262BB9D002942DD /* Debug */ = {
			isa = XCBuildConfiguration;
			buildSettings = {
				ASSETCATALOG_COMPILER_APPICON_NAME = AppIcon;
				CODE_SIGN_STYLE = Automatic;
				INFOPLIST_FILE = "itineray-app/Info.plist";
				LD_RUNPATH_SEARCH_PATHS = (
					"$(inherited)",
					"@executable_path/Frameworks",
				);
				PRODUCT_BUNDLE_IDENTIFIER = "firstApp.itineray-app";
				PRODUCT_NAME = "$(TARGET_NAME)";
				SWIFT_VERSION = 4.2;
				TARGETED_DEVICE_FAMILY = "1,2";
			};
			name = Debug;
		};
		D9D179F32262BB9D002942DD /* Release */ = {
			isa = XCBuildConfiguration;
			buildSettings = {
				ASSETCATALOG_COMPILER_APPICON_NAME = AppIcon;
				CODE_SIGN_STYLE = Automatic;
				INFOPLIST_FILE = "itineray-app/Info.plist";
				LD_RUNPATH_SEARCH_PATHS = (
					"$(inherited)",
					"@executable_path/Frameworks",
				);
				PRODUCT_BUNDLE_IDENTIFIER = "firstApp.itineray-app";
				PRODUCT_NAME = "$(TARGET_NAME)";
				SWIFT_VERSION = 4.2;
				TARGETED_DEVICE_FAMILY = "1,2";
			};
			name = Release;
		};
/* End XCBuildConfiguration section */

/* Begin XCConfigurationList section */
		D9D179DA2262BB9B002942DD /* Build configuration list for PBXProject "itineray-app" */ = {
			isa = XCConfigurationList;
			buildConfigurations = (
				D9D179EF2262BB9D002942DD /* Debug */,
				D9D179F02262BB9D002942DD /* Release */,
			);
			defaultConfigurationIsVisible = 0;
			defaultConfigurationName = Release;
		};
		D9D179F12262BB9D002942DD /* Build configuration list for PBXNativeTarget "itineray-app" */ = {
			isa = XCConfigurationList;
			buildConfigurations = (
				D9D179F22262BB9D002942DD /* Debug */,
				D9D179F32262BB9D002942DD /* Release */,
			);
			defaultConfigurationIsVisible = 0;
			defaultConfigurationName = Release;
		};
/* End XCConfigurationList section */
	};
	rootObject = D9D179D72262BB9B002942DD /* Project object */;
}
